// !$*UTF8*$!
{
	archiveVersion = 1;
	classes = {
	};
	objectVersion = 56;
	objects = {

/* Begin PBXBuildFile section */
		73257F612BF7B9B400D34959 /* WhistateApp.swift in Sources */ = {isa = PBXBuildFile; fileRef = 73257F602BF7B9B400D34959 /* WhistateApp.swift */; };
		73257F652BF7B9B400D34959 /* Assets.xcassets in Resources */ = {isa = PBXBuildFile; fileRef = 73257F642BF7B9B400D34959 /* Assets.xcassets */; };
		73257F682BF7B9B400D34959 /* Preview Assets.xcassets in Resources */ = {isa = PBXBuildFile; fileRef = 73257F672BF7B9B400D34959 /* Preview Assets.xcassets */; };
		73257F6F2BF7BADD00D34959 /* MainView.swift in Sources */ = {isa = PBXBuildFile; fileRef = 73257F6E2BF7BADD00D34959 /* MainView.swift */; };
		73257F712BF7BAEB00D34959 /* AudioRecorder.swift in Sources */ = {isa = PBXBuildFile; fileRef = 73257F702BF7BAEB00D34959 /* AudioRecorder.swift */; };
		73257F732BF7BAF900D34959 /* AudioPlayer.swift in Sources */ = {isa = PBXBuildFile; fileRef = 73257F722BF7BAF900D34959 /* AudioPlayer.swift */; };
		73B861862C4FD87F00ADB664 /* CircularProgressView.swift in Sources */ = {isa = PBXBuildFile; fileRef = 73B861852C4FD87F00ADB664 /* CircularProgressView.swift */; };
		73DA1CEB2BF7BB2A008278D4 /* WhisperKit in Frameworks */ = {isa = PBXBuildFile; productRef = 73DA1CEA2BF7BB2A008278D4 /* WhisperKit */; };
		73DA1CED2BF7BB2A008278D4 /* whisperkit-cli in Frameworks */ = {isa = PBXBuildFile; productRef = 73DA1CEC2BF7BB2A008278D4 /* whisperkit-cli */; };
/* End PBXBuildFile section */

/* Begin PBXFileReference section */
		73257F5D2BF7B9B400D34959 /* Whistate.app */ = {isa = PBXFileReference; explicitFileType = wrapper.application; includeInIndex = 0; path = Whistate.app; sourceTree = BUILT_PRODUCTS_DIR; };
		73257F602BF7B9B400D34959 /* WhistateApp.swift */ = {isa = PBXFileReference; lastKnownFileType = sourcecode.swift; path = WhistateApp.swift; sourceTree = "<group>"; };
		73257F642BF7B9B400D34959 /* Assets.xcassets */ = {isa = PBXFileReference; lastKnownFileType = folder.assetcatalog; path = Assets.xcassets; sourceTree = "<group>"; };
		73257F672BF7B9B400D34959 /* Preview Assets.xcassets */ = {isa = PBXFileReference; lastKnownFileType = folder.assetcatalog; path = "Preview Assets.xcassets"; sourceTree = "<group>"; };
		73257F6E2BF7BADD00D34959 /* MainView.swift */ = {isa = PBXFileReference; lastKnownFileType = sourcecode.swift; path = MainView.swift; sourceTree = "<group>"; };
		73257F702BF7BAEB00D34959 /* AudioRecorder.swift */ = {isa = PBXFileReference; lastKnownFileType = sourcecode.swift; path = AudioRecorder.swift; sourceTree = "<group>"; };
		73257F722BF7BAF900D34959 /* AudioPlayer.swift */ = {isa = PBXFileReference; lastKnownFileType = sourcecode.swift; path = AudioPlayer.swift; sourceTree = "<group>"; };
		73B861852C4FD87F00ADB664 /* CircularProgressView.swift */ = {isa = PBXFileReference; lastKnownFileType = sourcecode.swift; path = CircularProgressView.swift; sourceTree = "<group>"; };
/* End PBXFileReference section */

/* Begin PBXFrameworksBuildPhase section */
		73257F5A2BF7B9B400D34959 /* Frameworks */ = {
			isa = PBXFrameworksBuildPhase;
			buildActionMask = 2147483647;
			files = (
				73DA1CEB2BF7BB2A008278D4 /* WhisperKit in Frameworks */,
				73DA1CED2BF7BB2A008278D4 /* whisperkit-cli in Frameworks */,
			);
			runOnlyForDeploymentPostprocessing = 0;
		};
/* End PBXFrameworksBuildPhase section */

/* Begin PBXGroup section */
		73257F542BF7B9B400D34959 = {
			isa = PBXGroup;
			children = (
				73257F5F2BF7B9B400D34959 /* Whistate */,
				73257F5E2BF7B9B400D34959 /* Products */,
			);
			sourceTree = "<group>";
		};
		73257F5E2BF7B9B400D34959 /* Products */ = {
			isa = PBXGroup;
			children = (
				73257F5D2BF7B9B400D34959 /* Whistate.app */,
			);
			name = Products;
			sourceTree = "<group>";
		};
		73257F5F2BF7B9B400D34959 /* Whistate */ = {
			isa = PBXGroup;
			children = (
				73257F602BF7B9B400D34959 /* WhistateApp.swift */,
				73257F6E2BF7BADD00D34959 /* MainView.swift */,
				73257F702BF7BAEB00D34959 /* AudioRecorder.swift */,
				73257F722BF7BAF900D34959 /* AudioPlayer.swift */,
				73B861852C4FD87F00ADB664 /* CircularProgressView.swift */,
				73257F642BF7B9B400D34959 /* Assets.xcassets */,
				73257F662BF7B9B400D34959 /* Preview Content */,
			);
			path = Whistate;
			sourceTree = "<group>";
		};
		73257F662BF7B9B400D34959 /* Preview Content */ = {
			isa = PBXGroup;
			children = (
				73257F672BF7B9B400D34959 /* Preview Assets.xcassets */,
			);
			path = "Preview Content";
			sourceTree = "<group>";
		};
/* End PBXGroup section */

/* Begin PBXNativeTarget section */
		73257F5C2BF7B9B400D34959 /* Whistate */ = {
			isa = PBXNativeTarget;
			buildConfigurationList = 73257F6B2BF7B9B400D34959 /* Build configuration list for PBXNativeTarget "Whistate" */;
			buildPhases = (
				73257F592BF7B9B400D34959 /* Sources */,
				73257F5A2BF7B9B400D34959 /* Frameworks */,
				73257F5B2BF7B9B400D34959 /* Resources */,
			);
			buildRules = (
			);
			dependencies = (
			);
			name = Whistate;
			packageProductDependencies = (
				73DA1CEA2BF7BB2A008278D4 /* WhisperKit */,
				73DA1CEC2BF7BB2A008278D4 /* whisperkit-cli */,
			);
			productName = Whistate;
			productReference = 73257F5D2BF7B9B400D34959 /* Whistate.app */;
			productType = "com.apple.product-type.application";
		};
/* End PBXNativeTarget section */

/* Begin PBXProject section */
		73257F552BF7B9B400D34959 /* Project object */ = {
			isa = PBXProject;
			attributes = {
				BuildIndependentTargetsInParallel = 1;
				LastSwiftUpdateCheck = 1520;
				LastUpgradeCheck = 1520;
				TargetAttributes = {
					73257F5C2BF7B9B400D34959 = {
						CreatedOnToolsVersion = 15.2;
					};
				};
			};
			buildConfigurationList = 73257F582BF7B9B400D34959 /* Build configuration list for PBXProject "Whistate" */;
			compatibilityVersion = "Xcode 14.0";
			developmentRegion = en;
			hasScannedForEncodings = 0;
			knownRegions = (
				en,
				Base,
			);
			mainGroup = 73257F542BF7B9B400D34959;
			packageReferences = (
				73DA1CE92BF7BB2A008278D4 /* XCRemoteSwiftPackageReference "whisperkit" */,
			);
			productRefGroup = 73257F5E2BF7B9B400D34959 /* Products */;
			projectDirPath = "";
			projectRoot = "";
			targets = (
				73257F5C2BF7B9B400D34959 /* Whistate */,
			);
		};
/* End PBXProject section */

/* Begin PBXResourcesBuildPhase section */
		73257F5B2BF7B9B400D34959 /* Resources */ = {
			isa = PBXResourcesBuildPhase;
			buildActionMask = 2147483647;
			files = (
				73257F682BF7B9B400D34959 /* Preview Assets.xcassets in Resources */,
				73257F652BF7B9B400D34959 /* Assets.xcassets in Resources */,
			);
			runOnlyForDeploymentPostprocessing = 0;
		};
/* End PBXResourcesBuildPhase section */

/* Begin PBXSourcesBuildPhase section */
		73257F592BF7B9B400D34959 /* Sources */ = {
			isa = PBXSourcesBuildPhase;
			buildActionMask = 2147483647;
			files = (
				73257F712BF7BAEB00D34959 /* AudioRecorder.swift in Sources */,
				73257F612BF7B9B400D34959 /* WhistateApp.swift in Sources */,
				73257F6F2BF7BADD00D34959 /* MainView.swift in Sources */,
				73B861862C4FD87F00ADB664 /* CircularProgressView.swift in Sources */,
				73257F732BF7BAF900D34959 /* AudioPlayer.swift in Sources */,
			);
			runOnlyForDeploymentPostprocessing = 0;
		};
/* End PBXSourcesBuildPhase section */

/* Begin XCBuildConfiguration section */
		73257F692BF7B9B400D34959 /* Debug */ = {
			isa = XCBuildConfiguration;
			buildSettings = {
				ALWAYS_SEARCH_USER_PATHS = NO;
				ASSETCATALOG_COMPILER_GENERATE_SWIFT_ASSET_SYMBOL_EXTENSIONS = YES;
				CLANG_ANALYZER_NONNULL = YES;
				CLANG_ANALYZER_NUMBER_OBJECT_CONVERSION = YES_AGGRESSIVE;
				CLANG_CXX_LANGUAGE_STANDARD = "gnu++20";
				CLANG_ENABLE_MODULES = YES;
				CLANG_ENABLE_OBJC_ARC = YES;
				CLANG_ENABLE_OBJC_WEAK = YES;
				CLANG_WARN_BLOCK_CAPTURE_AUTORELEASING = YES;
				CLANG_WARN_BOOL_CONVERSION = YES;
				CLANG_WARN_COMMA = YES;
				CLANG_WARN_CONSTANT_CONVERSION = YES;
				CLANG_WARN_DEPRECATED_OBJC_IMPLEMENTATIONS = YES;
				CLANG_WARN_DIRECT_OBJC_ISA_USAGE = YES_ERROR;
				CLANG_WARN_DOCUMENTATION_COMMENTS = YES;
				CLANG_WARN_EMPTY_BODY = YES;
				CLANG_WARN_ENUM_CONVERSION = YES;
				CLANG_WARN_INFINITE_RECURSION = YES;
				CLANG_WARN_INT_CONVERSION = YES;
				CLANG_WARN_NON_LITERAL_NULL_CONVERSION = YES;
				CLANG_WARN_OBJC_IMPLICIT_RETAIN_SELF = YES;
				CLANG_WARN_OBJC_LITERAL_CONVERSION = YES;
				CLANG_WARN_OBJC_ROOT_CLASS = YES_ERROR;
				CLANG_WARN_QUOTED_INCLUDE_IN_FRAMEWORK_HEADER = YES;
				CLANG_WARN_RANGE_LOOP_ANALYSIS = YES;
				CLANG_WARN_STRICT_PROTOTYPES = YES;
				CLANG_WARN_SUSPICIOUS_MOVE = YES;
				CLANG_WARN_UNGUARDED_AVAILABILITY = YES_AGGRESSIVE;
				CLANG_WARN_UNREACHABLE_CODE = YES;
				CLANG_WARN__DUPLICATE_METHOD_MATCH = YES;
				COPY_PHASE_STRIP = NO;
				DEBUG_INFORMATION_FORMAT = dwarf;
				ENABLE_STRICT_OBJC_MSGSEND = YES;
				ENABLE_TESTABILITY = YES;
				ENABLE_USER_SCRIPT_SANDBOXING = YES;
				GCC_C_LANGUAGE_STANDARD = gnu17;
				GCC_DYNAMIC_NO_PIC = NO;
				GCC_NO_COMMON_BLOCKS = YES;
				GCC_OPTIMIZATION_LEVEL = 0;
				GCC_PREPROCESSOR_DEFINITIONS = (
					"DEBUG=1",
					"$(inherited)",
				);
				GCC_WARN_64_TO_32_BIT_CONVERSION = YES;
				GCC_WARN_ABOUT_RETURN_TYPE = YES_ERROR;
				GCC_WARN_UNDECLARED_SELECTOR = YES;
				GCC_WARN_UNINITIALIZED_AUTOS = YES_AGGRESSIVE;
				GCC_WARN_UNUSED_FUNCTION = YES;
				GCC_WARN_UNUSED_VARIABLE = YES;
				IPHONEOS_DEPLOYMENT_TARGET = 17.2;
				LOCALIZATION_PREFERS_STRING_CATALOGS = YES;
				MTL_ENABLE_DEBUG_INFO = INCLUDE_SOURCE;
				MTL_FAST_MATH = YES;
				ONLY_ACTIVE_ARCH = YES;
				SDKROOT = iphoneos;
				SWIFT_ACTIVE_COMPILATION_CONDITIONS = "DEBUG $(inherited)";
				SWIFT_OPTIMIZATION_LEVEL = "-Onone";
			};
			name = Debug;
		};
		73257F6A2BF7B9B400D34959 /* Release */ = {
			isa = XCBuildConfiguration;
			buildSettings = {
				ALWAYS_SEARCH_USER_PATHS = NO;
				ASSETCATALOG_COMPILER_GENERATE_SWIFT_ASSET_SYMBOL_EXTENSIONS = YES;
				CLANG_ANALYZER_NONNULL = YES;
				CLANG_ANALYZER_NUMBER_OBJECT_CONVERSION = YES_AGGRESSIVE;
				CLANG_CXX_LANGUAGE_STANDARD = "gnu++20";
				CLANG_ENABLE_MODULES = YES;
				CLANG_ENABLE_OBJC_ARC = YES;
				CLANG_ENABLE_OBJC_WEAK = YES;
				CLANG_WARN_BLOCK_CAPTURE_AUTORELEASING = YES;
				CLANG_WARN_BOOL_CONVERSION = YES;
				CLANG_WARN_COMMA = YES;
				CLANG_WARN_CONSTANT_CONVERSION = YES;
				CLANG_WARN_DEPRECATED_OBJC_IMPLEMENTATIONS = YES;
				CLANG_WARN_DIRECT_OBJC_ISA_USAGE = YES_ERROR;
				CLANG_WARN_DOCUMENTATION_COMMENTS = YES;
				CLANG_WARN_EMPTY_BODY = YES;
				CLANG_WARN_ENUM_CONVERSION = YES;
				CLANG_WARN_INFINITE_RECURSION = YES;
				CLANG_WARN_INT_CONVERSION = YES;
				CLANG_WARN_NON_LITERAL_NULL_CONVERSION = YES;
				CLANG_WARN_OBJC_IMPLICIT_RETAIN_SELF = YES;
				CLANG_WARN_OBJC_LITERAL_CONVERSION = YES;
				CLANG_WARN_OBJC_ROOT_CLASS = YES_ERROR;
				CLANG_WARN_QUOTED_INCLUDE_IN_FRAMEWORK_HEADER = YES;
				CLANG_WARN_RANGE_LOOP_ANALYSIS = YES;
				CLANG_WARN_STRICT_PROTOTYPES = YES;
				CLANG_WARN_SUSPICIOUS_MOVE = YES;
				CLANG_WARN_UNGUARDED_AVAILABILITY = YES_AGGRESSIVE;
				CLANG_WARN_UNREACHABLE_CODE = YES;
				CLANG_WARN__DUPLICATE_METHOD_MATCH = YES;
				COPY_PHASE_STRIP = NO;
				DEBUG_INFORMATION_FORMAT = "dwarf-with-dsym";
				ENABLE_NS_ASSERTIONS = NO;
				ENABLE_STRICT_OBJC_MSGSEND = YES;
				ENABLE_USER_SCRIPT_SANDBOXING = YES;
				GCC_C_LANGUAGE_STANDARD = gnu17;
				GCC_NO_COMMON_BLOCKS = YES;
				GCC_WARN_64_TO_32_BIT_CONVERSION = YES;
				GCC_WARN_ABOUT_RETURN_TYPE = YES_ERROR;
				GCC_WARN_UNDECLARED_SELECTOR = YES;
				GCC_WARN_UNINITIALIZED_AUTOS = YES_AGGRESSIVE;
				GCC_WARN_UNUSED_FUNCTION = YES;
				GCC_WARN_UNUSED_VARIABLE = YES;
				IPHONEOS_DEPLOYMENT_TARGET = 17.2;
				LOCALIZATION_PREFERS_STRING_CATALOGS = YES;
				MTL_ENABLE_DEBUG_INFO = NO;
				MTL_FAST_MATH = YES;
				SDKROOT = iphoneos;
				SWIFT_COMPILATION_MODE = wholemodule;
				VALIDATE_PRODUCT = YES;
			};
			name = Release;
		};
		73257F6C2BF7B9B400D34959 /* Debug */ = {
			isa = XCBuildConfiguration;
			buildSettings = {
				ASSETCATALOG_COMPILER_APPICON_NAME = AppIcon;
				ASSETCATALOG_COMPILER_GLOBAL_ACCENT_COLOR_NAME = AccentColor;
				CODE_SIGN_STYLE = Automatic;
				CURRENT_PROJECT_VERSION = 1;
				DEVELOPMENT_ASSET_PATHS = "\"Whistate/Preview Content\"";
				DEVELOPMENT_TEAM = RW3A89L5S3;
				ENABLE_PREVIEWS = YES;
				GENERATE_INFOPLIST_FILE = YES;
				INFOPLIST_KEY_NSMicrophoneUsageDescription = "Microphone usage is required to dictate recorded audio data.";
				INFOPLIST_KEY_UIApplicationSceneManifest_Generation = YES;
				INFOPLIST_KEY_UIApplicationSupportsIndirectInputEvents = YES;
				INFOPLIST_KEY_UILaunchScreen_Generation = YES;
				INFOPLIST_KEY_UISupportedInterfaceOrientations_iPad = "UIInterfaceOrientationPortrait UIInterfaceOrientationPortraitUpsideDown UIInterfaceOrientationLandscapeLeft UIInterfaceOrientationLandscapeRight";
				INFOPLIST_KEY_UISupportedInterfaceOrientations_iPhone = "UIInterfaceOrientationPortrait UIInterfaceOrientationLandscapeLeft UIInterfaceOrientationLandscapeRight";
				LD_RUNPATH_SEARCH_PATHS = (
					"$(inherited)",
					"@executable_path/Frameworks",
				);
				MARKETING_VERSION = 1.0;
				PRODUCT_BUNDLE_IDENTIFIER = com.mdstsrht.Whistate;
				PRODUCT_NAME = "$(TARGET_NAME)";
				SWIFT_EMIT_LOC_STRINGS = YES;
				SWIFT_VERSION = 5.0;
				TARGETED_DEVICE_FAMILY = "1,2";
			};
			name = Debug;
		};
		73257F6D2BF7B9B400D34959 /* Release */ = {
			isa = XCBuildConfiguration;
			buildSettings = {
				ASSETCATALOG_COMPILER_APPICON_NAME = AppIcon;
				ASSETCATALOG_COMPILER_GLOBAL_ACCENT_COLOR_NAME = AccentColor;
				CODE_SIGN_STYLE = Automatic;
				CURRENT_PROJECT_VERSION = 1;
				DEVELOPMENT_ASSET_PATHS = "\"Whistate/Preview Content\"";
				DEVELOPMENT_TEAM = RW3A89L5S3;
				ENABLE_PREVIEWS = YES;
				GENERATE_INFOPLIST_FILE = YES;
				INFOPLIST_KEY_NSMicrophoneUsageDescription = "Microphone usage is required to dictate recorded audio data.";
				INFOPLIST_KEY_UIApplicationSceneManifest_Generation = YES;
				INFOPLIST_KEY_UIApplicationSupportsIndirectInputEvents = YES;
				INFOPLIST_KEY_UILaunchScreen_Generation = YES;
				INFOPLIST_KEY_UISupportedInterfaceOrientations_iPad = "UIInterfaceOrientationPortrait UIInterfaceOrientationPortraitUpsideDown UIInterfaceOrientationLandscapeLeft UIInterfaceOrientationLandscapeRight";
				INFOPLIST_KEY_UISupportedInterfaceOrientations_iPhone = "UIInterfaceOrientationPortrait UIInterfaceOrientationLandscapeLeft UIInterfaceOrientationLandscapeRight";
				LD_RUNPATH_SEARCH_PATHS = (
					"$(inherited)",
					"@executable_path/Frameworks",
				);
				MARKETING_VERSION = 1.0;
				PRODUCT_BUNDLE_IDENTIFIER = com.mdstsrht.Whistate;
				PRODUCT_NAME = "$(TARGET_NAME)";
				SWIFT_EMIT_LOC_STRINGS = YES;
				SWIFT_VERSION = 5.0;
				TARGETED_DEVICE_FAMILY = "1,2";
			};
			name = Release;
		};
/* End XCBuildConfiguration section */

/* Begin XCConfigurationList section */
		73257F582BF7B9B400D34959 /* Build configuration list for PBXProject "Whistate" */ = {
			isa = XCConfigurationList;
			buildConfigurations = (
				73257F692BF7B9B400D34959 /* Debug */,
				73257F6A2BF7B9B400D34959 /* Release */,
			);
			defaultConfigurationIsVisible = 0;
			defaultConfigurationName = Release;
		};
		73257F6B2BF7B9B400D34959 /* Build configuration list for PBXNativeTarget "Whistate" */ = {
			isa = XCConfigurationList;
			buildConfigurations = (
				73257F6C2BF7B9B400D34959 /* Debug */,
				73257F6D2BF7B9B400D34959 /* Release */,
			);
			defaultConfigurationIsVisible = 0;
			defaultConfigurationName = Release;
		};
/* End XCConfigurationList section */

/* Begin XCRemoteSwiftPackageReference section */
		73DA1CE92BF7BB2A008278D4 /* XCRemoteSwiftPackageReference "whisperkit" */ = {
			isa = XCRemoteSwiftPackageReference;
			repositoryURL = "https://github.com/argmaxinc/whisperkit";
			requirement = {
				branch = main;
				kind = branch;
			};
		};
/* End XCRemoteSwiftPackageReference section */

/* Begin XCSwiftPackageProductDependency section */
		73DA1CEA2BF7BB2A008278D4 /* WhisperKit */ = {
			isa = XCSwiftPackageProductDependency;
			package = 73DA1CE92BF7BB2A008278D4 /* XCRemoteSwiftPackageReference "whisperkit" */;
			productName = WhisperKit;
		};
		73DA1CEC2BF7BB2A008278D4 /* whisperkit-cli */ = {
			isa = XCSwiftPackageProductDependency;
			package = 73DA1CE92BF7BB2A008278D4 /* XCRemoteSwiftPackageReference "whisperkit" */;
			productName = "whisperkit-cli";
		};
/* End XCSwiftPackageProductDependency section */
	};
	rootObject = 73257F552BF7B9B400D34959 /* Project object */;
}
